
Microsoft Visual Studio Solution File, Format Version 10.00
# Visual Studio 2008
Project("{8BC9CEB8-8B4A-11D0-8D11-00A0C91BC942}") = "T05SPHERE2", "T05SPHERE2.vcproj", "{EFE98838-BCCB-4FA9-ADEA-05C1EA812A7D}"
EndProject
Global
	GlobalSection(SolutionConfigurationPlatforms) = preSolution
		Debug|Win32 = Debug|Win32
		Release|Win32 = Release|Win32
	EndGlobalSection
	GlobalSection(ProjectConfigurationPlatforms) = postSolution
		{EFE98838-BCCB-4FA9-ADEA-05C1EA812A7D}.Debug|Win32.ActiveCfg = Debug|Win32
		{EFE98838-BCCB-4FA9-ADEA-05C1EA812A7D}.Debug|Win32.Build.0 = Debug|Win32
		{EFE98838-BCCB-4FA9-ADEA-05C1EA812A7D}.Release|Win32.ActiveCfg = Release|Win32
		{EFE98838-BCCB-4FA9-ADEA-05C1EA812A7D}.Release|Win32.Build.0 = Release|Win32
	EndGlobalSection
	GlobalSection(SolutionProperties) = preSolution
		HideSolutionNode = FALSE
	EndGlobalSection
EndGlobal
