
Microsoft Visual Studio Solution File, Format Version 10.00
# Visual Studio 2008
Project("{8BC9CEB8-8B4A-11D0-8D11-00A0C91BC942}") = "T01EYES.C", "T01EYES.C.vcproj", "{D4E79E92-EAFC-4CC2-A045-010749A12343}"
EndProject
Global
	GlobalSection(SolutionConfigurationPlatforms) = preSolution
		Debug|Win32 = Debug|Win32
		Release|Win32 = Release|Win32
	EndGlobalSection
	GlobalSection(ProjectConfigurationPlatforms) = postSolution
		{D4E79E92-EAFC-4CC2-A045-010749A12343}.Debug|Win32.ActiveCfg = Debug|Win32
		{D4E79E92-EAFC-4CC2-A045-010749A12343}.Debug|Win32.Build.0 = Debug|Win32
		{D4E79E92-EAFC-4CC2-A045-010749A12343}.Release|Win32.ActiveCfg = Release|Win32
		{D4E79E92-EAFC-4CC2-A045-010749A12343}.Release|Win32.Build.0 = Release|Win32
	EndGlobalSection
	GlobalSection(SolutionProperties) = preSolution
		HideSolutionNode = FALSE
	EndGlobalSection
EndGlobal
